lockfileVersion: '9.0'

settings:
  autoInstallPeers: true
  excludeLinksFromLockfile: false

importers:

  .:
    dependencies:
      '@heroicons/react':
        specifier: ^2.0.16
        version: 2.0.16(react@18.2.0)
      '@next/font':
        specifier: ^13.2.3
        version: 13.2.3
      '@radix-ui/react-hover-card':
        specifier: ^1.1.2
        version: 1.1.2(@types/react-dom@18.0.11)(@types/react@18.0.28)(react-dom@18.2.0(react@18.2.0))(react@18.2.0)
      '@radix-ui/react-icons':
        specifier: ^1.3.0
        version: 1.3.0(react@18.2.0)
      '@types/node':
        specifier: 18.14.5
        version: 18.14.5
      '@types/react':
        specifier: 18.0.28
        version: 18.0.28
      '@types/react-dom':
        specifier: 18.0.11
        version: 18.0.11
      class-variance-authority:
        specifier: ^0.7.0
        version: 0.7.0
      clsx:
        specifier: ^2.1.1
        version: 2.1.1
      framer-motion:
        specifier: ^10.0.1
        version: 10.0.1(react-dom@18.2.0(react@18.2.0))(react@18.2.0)
      lucide-react:
        specifier: ^0.453.0
        version: 0.453.0(react@18.2.0)
      next:
        specifier: 13.2.3
        version: 13.2.3(react-dom@18.2.0(react@18.2.0))(react@18.2.0)
      octane-portfolio-os:
        specifier: 'link:'
        version: 'link:'
      react:
        specifier: 18.2.0
        version: 18.2.0
      react-dom:
        specifier: 18.2.0
        version: 18.2.0(react@18.2.0)
      tailwind-merge:
        specifier: ^2.5.4
        version: 2.5.4
      tailwindcss-animate:
        specifier: ^1.0.7
        version: 1.0.7(tailwindcss@3.2.7(postcss@8.4.21))
      typescript:
        specifier: 4.9.5
        version: 4.9.5
    devDependencies:
      autoprefixer:
        specifier: ^10.4.13
        version: 10.4.13(postcss@8.4.21)
      postcss:
        specifier: ^8.4.21
        version: 8.4.21
      tailwind-scrollbar:
        specifier: ^2.1.0
        version: 2.1.0(tailwindcss@3.2.7(postcss@8.4.21))
      tailwindcss:
        specifier: ^3.2.7
        version: 3.2.7(postcss@8.4.21)

packages:

  '@emotion/is-prop-valid@0.8.8':
    resolution: {integrity: sha512-u5WtneEAr5IDG2Wv65yhunPSMLIpuKsbuOktRojfrEiEvRyC85LgPMZI63cr7NUqT8ZIGdSVg8ZKGxIug4lXcA==}

  '@emotion/memoize@0.7.4':
    resolution: {integrity: sha512-Ja/Vfqe3HpuzRsG1oBtWTHk2PGZ7GR+2Vz5iYGelAw8dx32K0y7PjVuxK6z1nMpZOqAFsRUPCkK1YjJ56qJlgw==}

  '@floating-ui/core@1.6.8':
    resolution: {integrity: sha512-7XJ9cPU+yI2QeLS+FCSlqNFZJq8arvswefkZrYI1yQBbftw6FyrZOxYSh+9S7z7TpeWlRt9zJ5IhM1WIL334jA==}

  '@floating-ui/dom@1.6.11':
    resolution: {integrity: sha512-qkMCxSR24v2vGkhYDo/UzxfJN3D4syqSjyuTFz6C7XcpU1pASPRieNI0Kj5VP3/503mOfYiGY891ugBX1GlABQ==}

  '@floating-ui/react-dom@2.1.2':
    resolution: {integrity: sha512-06okr5cgPzMNBy+Ycse2A6udMi4bqwW/zgBF/rwjcNqWkyr82Mcg8b0vjX8OJpZFy/FKjJmw6wV7t44kK6kW7A==}
    peerDependencies:
      react: '>=16.8.0'
      react-dom: '>=16.8.0'

  '@floating-ui/utils@0.2.8':
    resolution: {integrity: sha512-kym7SodPp8/wloecOpcmSnWJsK7M0E5Wg8UcFA+uO4B9s5d0ywXOEro/8HM9x0rW+TljRzul/14UYz3TleT3ig==}

  '@heroicons/react@2.0.16':
    resolution: {integrity: sha512-x89rFxH3SRdYaA+JCXwfe+RkE1SFTo9GcOkZettHer71Y3T7V+ogKmfw5CjTazgS3d0ClJ7p1NA+SP7VQLQcLw==}
    peerDependencies:
      react: '>= 16'

  '@next/env@13.2.3':
    resolution: {integrity: sha512-FN50r/E+b8wuqyRjmGaqvqNDuWBWYWQiigfZ50KnSFH0f+AMQQyaZl+Zm2+CIpKk0fL9QxhLxOpTVA3xFHgFow==}

  '@next/font@13.2.3':
    resolution: {integrity: sha512-7EHzk0f7FVYICLUZTpyPk93IfcTUao++Xt1Sgb+Zk5dVOCYHabqLtlF5ywSoXIqyFlo0qlshEBxsrzHAGTWkDw==}

  '@next/swc-android-arm-eabi@13.2.3':
    resolution: {integrity: sha512-mykdVaAXX/gm+eFO2kPeVjnOCKwanJ9mV2U0lsUGLrEdMUifPUjiXKc6qFAIs08PvmTMOLMNnUxqhGsJlWGKSw==}
    engines: {node: '>= 10'}
    cpu: [arm]
    os: [android]

  '@next/swc-android-arm64@13.2.3':
    resolution: {integrity: sha512-8XwHPpA12gdIFtope+n9xCtJZM3U4gH4vVTpUwJ2w1kfxFmCpwQ4xmeGSkR67uOg80yRMuF0h9V1ueo05sws5w==}
    engines: {node: '>= 10'}
    cpu: [arm64]
    os: [android]

  '@next/swc-darwin-arm64@13.2.3':
    resolution: {integrity: sha512-TXOubiFdLpMfMtaRu1K5d1I9ipKbW5iS2BNbu8zJhoqrhk3Kp7aRKTxqFfWrbliAHhWVE/3fQZUYZOWSXVQi1w==}
    engines: {node: '>= 10'}
    cpu: [arm64]
    os: [darwin]

  '@next/swc-darwin-x64@13.2.3':
    resolution: {integrity: sha512-GZctkN6bJbpjlFiS5pylgB2pifHvgkqLAPumJzxnxkf7kqNm6rOGuNjsROvOWVWXmKhrzQkREO/WPS2aWsr/yw==}
    engines: {node: '>= 10'}
    cpu: [x64]
    os: [darwin]

  '@next/swc-freebsd-x64@13.2.3':
    resolution: {integrity: sha512-rK6GpmMt/mU6MPuav0/M7hJ/3t8HbKPCELw/Uqhi4732xoq2hJ2zbo2FkYs56y6w0KiXrIp4IOwNB9K8L/q62g==}
    engines: {node: '>= 10'}
    cpu: [x64]
    os: [freebsd]

  '@next/swc-linux-arm-gnueabihf@13.2.3':
    resolution: {integrity: sha512-yeiCp/Odt1UJ4KUE89XkeaaboIDiVFqKP4esvoLKGJ0fcqJXMofj4ad3tuQxAMs3F+qqrz9MclqhAHkex1aPZA==}
    engines: {node: '>= 10'}
    cpu: [arm]
    os: [linux]

  '@next/swc-linux-arm64-gnu@13.2.3':
    resolution: {integrity: sha512-/miIopDOUsuNlvjBjTipvoyjjaxgkOuvlz+cIbbPcm1eFvzX2ltSfgMgty15GuOiR8Hub4FeTSiq3g2dmCkzGA==}
    engines: {node: '>= 10'}
    cpu: [arm64]
    os: [linux]

  '@next/swc-linux-arm64-musl@13.2.3':
    resolution: {integrity: sha512-sujxFDhMMDjqhruup8LLGV/y+nCPi6nm5DlFoThMJFvaaKr/imhkXuk8uCTq4YJDbtRxnjydFv2y8laBSJVC2g==}
    engines: {node: '>= 10'}
    cpu: [arm64]
    os: [linux]

  '@next/swc-linux-x64-gnu@13.2.3':
    resolution: {integrity: sha512-w5MyxPknVvC9LVnMenAYMXMx4KxPwXuJRMQFvY71uXg68n7cvcas85U5zkdrbmuZ+JvsO5SIG8k36/6X3nUhmQ==}
    engines: {node: '>= 10'}
    cpu: [x64]
    os: [linux]

  '@next/swc-linux-x64-musl@13.2.3':
    resolution: {integrity: sha512-CTeelh8OzSOVqpzMFMFnVRJIFAFQoTsI9RmVJWW/92S4xfECGcOzgsX37CZ8K982WHRzKU7exeh7vYdG/Eh4CA==}
    engines: {node: '>= 10'}
    cpu: [x64]
    os: [linux]

  '@next/swc-win32-arm64-msvc@13.2.3':
    resolution: {integrity: sha512-7N1KBQP5mo4xf52cFCHgMjzbc9jizIlkTepe9tMa2WFvEIlKDfdt38QYcr9mbtny17yuaIw02FXOVEytGzqdOQ==}
    engines: {node: '>= 10'}
    cpu: [arm64]
    os: [win32]

  '@next/swc-win32-ia32-msvc@13.2.3':
    resolution: {integrity: sha512-LzWD5pTSipUXTEMRjtxES/NBYktuZdo7xExJqGDMnZU8WOI+v9mQzsmQgZS/q02eIv78JOCSemqVVKZBGCgUvA==}
    engines: {node: '>= 10'}
    cpu: [ia32]
    os: [win32]

  '@next/swc-win32-x64-msvc@13.2.3':
    resolution: {integrity: sha512-aLG2MaFs4y7IwaMTosz2r4mVbqRyCnMoFqOcmfTi7/mAS+G4IMH0vJp4oLdbshqiVoiVuKrAfqtXj55/m7Qu1Q==}
    engines: {node: '>= 10'}
    cpu: [x64]
    os: [win32]

  '@nodelib/fs.scandir@2.1.5':
    resolution: {integrity: sha512-vq24Bq3ym5HEQm2NKCr3yXDwjc7vTsEThRDnkp2DK9p1uqLR+DHurm/NOTo0KG7HYHU7eppKZj3MyqYuMBf62g==}
    engines: {node: '>= 8'}

  '@nodelib/fs.stat@2.0.5':
    resolution: {integrity: sha512-RkhPPp2zrqDAQA/2jNhnztcPAlv64XdhIp7a7454A5ovI7Bukxgt7MX7udwAu3zg1DcpPU0rz3VV1SeaqvY4+A==}
    engines: {node: '>= 8'}

  '@nodelib/fs.walk@1.2.8':
    resolution: {integrity: sha512-oGB+UxlgWcgQkgwo8GcEGwemoTFt3FIO9ababBmaGwXIoBKZ+GTy0pP185beGg7Llih/NSHSV2XAs1lnznocSg==}
    engines: {node: '>= 8'}

  '@radix-ui/primitive@1.1.0':
    resolution: {integrity: sha512-4Z8dn6Upk0qk4P74xBhZ6Hd/w0mPEzOOLxy4xiPXOXqjF7jZS0VAKk7/x/H6FyY2zCkYJqePf1G5KmkmNJ4RBA==}

  '@radix-ui/react-arrow@1.1.0':
    resolution: {integrity: sha512-FmlW1rCg7hBpEBwFbjHwCW6AmWLQM6g/v0Sn8XbP9NvmSZ2San1FpQeyPtufzOMSIx7Y4dzjlHoifhp+7NkZhw==}
    peerDependencies:
      '@types/react': '*'
      '@types/react-dom': '*'
      react: ^16.8 || ^17.0 || ^18.0 || ^19.0 || ^19.0.0-rc
      react-dom: ^16.8 || ^17.0 || ^18.0 || ^19.0 || ^19.0.0-rc
    peerDependenciesMeta:
      '@types/react':
        optional: true
      '@types/react-dom':
        optional: true

  '@radix-ui/react-compose-refs@1.1.0':
    resolution: {integrity: sha512-b4inOtiaOnYf9KWyO3jAeeCG6FeyfY6ldiEPanbUjWd+xIk5wZeHa8yVwmrJ2vderhu/BQvzCrJI0lHd+wIiqw==}
    peerDependencies:
      '@types/react': '*'
      react: ^16.8 || ^17.0 || ^18.0 || ^19.0 || ^19.0.0-rc
    peerDependenciesMeta:
      '@types/react':
        optional: true

  '@radix-ui/react-context@1.1.0':
    resolution: {integrity: sha512-OKrckBy+sMEgYM/sMmqmErVn0kZqrHPJze+Ql3DzYsDDp0hl0L62nx/2122/Bvps1qz645jlcu2tD9lrRSdf8A==}
    peerDependencies:
      '@types/react': '*'
      react: ^16.8 || ^17.0 || ^18.0 || ^19.0 || ^19.0.0-rc
    peerDependenciesMeta:
      '@types/react':
        optional: true

  '@radix-ui/react-context@1.1.1':
    resolution: {integrity: sha512-UASk9zi+crv9WteK/NU4PLvOoL3OuE6BWVKNF6hPRBtYBDXQ2u5iu3O59zUlJiTVvkyuycnqrztsHVJwcK9K+Q==}
    peerDependencies:
      '@types/react': '*'
      react: ^16.8 || ^17.0 || ^18.0 || ^19.0 || ^19.0.0-rc
    peerDependenciesMeta:
      '@types/react':
        optional: true

  '@radix-ui/react-dismissable-layer@1.1.1':
    resolution: {integrity: sha512-QSxg29lfr/xcev6kSz7MAlmDnzbP1eI/Dwn3Tp1ip0KT5CUELsxkekFEMVBEoykI3oV39hKT4TKZzBNMbcTZYQ==}
    peerDependencies:
      '@types/react': '*'
      '@types/react-dom': '*'
      react: ^16.8 || ^17.0 || ^18.0 || ^19.0 || ^19.0.0-rc
      react-dom: ^16.8 || ^17.0 || ^18.0 || ^19.0 || ^19.0.0-rc
    peerDependenciesMeta:
      '@types/react':
        optional: true
      '@types/react-dom':
        optional: true

  '@radix-ui/react-hover-card@1.1.2':
    resolution: {integrity: sha512-Y5w0qGhysvmqsIy6nQxaPa6mXNKznfoGjOfBgzOjocLxr2XlSjqBMYQQL+FfyogsMuX+m8cZyQGYhJxvxUzO4w==}
    peerDependencies:
      '@types/react': '*'
      '@types/react-dom': '*'
      react: ^16.8 || ^17.0 || ^18.0 || ^19.0 || ^19.0.0-rc
      react-dom: ^16.8 || ^17.0 || ^18.0 || ^19.0 || ^19.0.0-rc
    peerDependenciesMeta:
      '@types/react':
        optional: true
      '@types/react-dom':
        optional: true

  '@radix-ui/react-icons@1.3.0':
    resolution: {integrity: sha512-jQxj/0LKgp+j9BiTXz3O3sgs26RNet2iLWmsPyRz2SIcR4q/4SbazXfnYwbAr+vLYKSfc7qxzyGQA1HLlYiuNw==}
    peerDependencies:
      react: ^16.x || ^17.x || ^18.x

  '@radix-ui/react-popper@1.2.0':
    resolution: {integrity: sha512-ZnRMshKF43aBxVWPWvbj21+7TQCvhuULWJ4gNIKYpRlQt5xGRhLx66tMp8pya2UkGHTSlhpXwmjqltDYHhw7Vg==}
    peerDependencies:
      '@types/react': '*'
      '@types/react-dom': '*'
      react: ^16.8 || ^17.0 || ^18.0 || ^19.0 || ^19.0.0-rc
      react-dom: ^16.8 || ^17.0 || ^18.0 || ^19.0 || ^19.0.0-rc
    peerDependenciesMeta:
      '@types/react':
        optional: true
      '@types/react-dom':
        optional: true

  '@radix-ui/react-portal@1.1.2':
    resolution: {integrity: sha512-WeDYLGPxJb/5EGBoedyJbT0MpoULmwnIPMJMSldkuiMsBAv7N1cRdsTWZWht9vpPOiN3qyiGAtbK2is47/uMFg==}
    peerDependencies:
      '@types/react': '*'
      '@types/react-dom': '*'
      react: ^16.8 || ^17.0 || ^18.0 || ^19.0 || ^19.0.0-rc
      react-dom: ^16.8 || ^17.0 || ^18.0 || ^19.0 || ^19.0.0-rc
    peerDependenciesMeta:
      '@types/react':
        optional: true
      '@types/react-dom':
        optional: true

  '@radix-ui/react-presence@1.1.1':
    resolution: {integrity: sha512-IeFXVi4YS1K0wVZzXNrbaaUvIJ3qdY+/Ih4eHFhWA9SwGR9UDX7Ck8abvL57C4cv3wwMvUE0OG69Qc3NCcTe/A==}
    peerDependencies:
      '@types/react': '*'
      '@types/react-dom': '*'
      react: ^16.8 || ^17.0 || ^18.0 || ^19.0 || ^19.0.0-rc
      react-dom: ^16.8 || ^17.0 || ^18.0 || ^19.0 || ^19.0.0-rc
    peerDependenciesMeta:
      '@types/react':
        optional: true
      '@types/react-dom':
        optional: true

  '@radix-ui/react-primitive@2.0.0':
    resolution: {integrity: sha512-ZSpFm0/uHa8zTvKBDjLFWLo8dkr4MBsiDLz0g3gMUwqgLHz9rTaRRGYDgvZPtBJgYCBKXkS9fzmoySgr8CO6Cw==}
    peerDependencies:
      '@types/react': '*'
      '@types/react-dom': '*'
      react: ^16.8 || ^17.0 || ^18.0 || ^19.0 || ^19.0.0-rc
      react-dom: ^16.8 || ^17.0 || ^18.0 || ^19.0 || ^19.0.0-rc
    peerDependenciesMeta:
      '@types/react':
        optional: true
      '@types/react-dom':
        optional: true

  '@radix-ui/react-slot@1.1.0':
    resolution: {integrity: sha512-FUCf5XMfmW4dtYl69pdS4DbxKy8nj4M7SafBgPllysxmdachynNflAdp/gCsnYWNDnge6tI9onzMp5ARYc1KNw==}
    peerDependencies:
      '@types/react': '*'
      react: ^16.8 || ^17.0 || ^18.0 || ^19.0 || ^19.0.0-rc
    peerDependenciesMeta:
      '@types/react':
        optional: true

  '@radix-ui/react-use-callback-ref@1.1.0':
    resolution: {integrity: sha512-CasTfvsy+frcFkbXtSJ2Zu9JHpN8TYKxkgJGWbjiZhFivxaeW7rMeZt7QELGVLaYVfFMsKHjb7Ak0nMEe+2Vfw==}
    peerDependencies:
      '@types/react': '*'
      react: ^16.8 || ^17.0 || ^18.0 || ^19.0 || ^19.0.0-rc
    peerDependenciesMeta:
      '@types/react':
        optional: true

  '@radix-ui/react-use-controllable-state@1.1.0':
    resolution: {integrity: sha512-MtfMVJiSr2NjzS0Aa90NPTnvTSg6C/JLCV7ma0W6+OMV78vd8OyRpID+Ng9LxzsPbLeuBnWBA1Nq30AtBIDChw==}
    peerDependencies:
      '@types/react': '*'
      react: ^16.8 || ^17.0 || ^18.0 || ^19.0 || ^19.0.0-rc
    peerDependenciesMeta:
      '@types/react':
        optional: true

  '@radix-ui/react-use-escape-keydown@1.1.0':
    resolution: {integrity: sha512-L7vwWlR1kTTQ3oh7g1O0CBF3YCyyTj8NmhLR+phShpyA50HCfBFKVJTpshm9PzLiKmehsrQzTYTpX9HvmC9rhw==}
    peerDependencies:
      '@types/react': '*'
      react: ^16.8 || ^17.0 || ^18.0 || ^19.0 || ^19.0.0-rc
    peerDependenciesMeta:
      '@types/react':
        optional: true

  '@radix-ui/react-use-layout-effect@1.1.0':
    resolution: {integrity: sha512-+FPE0rOdziWSrH9athwI1R0HDVbWlEhd+FR+aSDk4uWGmSJ9Z54sdZVDQPZAinJhJXwfT+qnj969mCsT2gfm5w==}
    peerDependencies:
      '@types/react': '*'
      react: ^16.8 || ^17.0 || ^18.0 || ^19.0 || ^19.0.0-rc
    peerDependenciesMeta:
      '@types/react':
        optional: true

  '@radix-ui/react-use-rect@1.1.0':
    resolution: {integrity: sha512-0Fmkebhr6PiseyZlYAOtLS+nb7jLmpqTrJyv61Pe68MKYW6OWdRE2kI70TaYY27u7H0lajqM3hSMMLFq18Z7nQ==}
    peerDependencies:
      '@types/react': '*'
      react: ^16.8 || ^17.0 || ^18.0 || ^19.0 || ^19.0.0-rc
    peerDependenciesMeta:
      '@types/react':
        optional: true

  '@radix-ui/react-use-size@1.1.0':
    resolution: {integrity: sha512-XW3/vWuIXHa+2Uwcc2ABSfcCledmXhhQPlGbfcRXbiUQI5Icjcg19BGCZVKKInYbvUCut/ufbbLLPFC5cbb1hw==}
    peerDependencies:
      '@types/react': '*'
      react: ^16.8 || ^17.0 || ^18.0 || ^19.0 || ^19.0.0-rc
    peerDependenciesMeta:
      '@types/react':
        optional: true

  '@radix-ui/rect@1.1.0':
    resolution: {integrity: sha512-A9+lCBZoaMJlVKcRBz2YByCG+Cp2t6nAnMnNba+XiWxnj6r4JUFqfsgwocMBZU9LPtdxC6wB56ySYpc7LQIoJg==}

  '@swc/helpers@0.4.14':
    resolution: {integrity: sha512-4C7nX/dvpzB7za4Ql9K81xK3HPxCpHMgwTZVyf+9JQ6VUbn9jjZVN7/Nkdz/Ugzs2CSjqnL/UPXroiVBVHUWUw==}

  '@types/node@18.14.5':
    resolution: {integrity: sha512-CRT4tMK/DHYhw1fcCEBwME9CSaZNclxfzVMe7GsO6ULSwsttbj70wSiX6rZdIjGblu93sTJxLdhNIT85KKI7Qw==}

  '@types/prop-types@15.7.5':
    resolution: {integrity: sha512-JCB8C6SnDoQf0cNycqd/35A7MjcnK+ZTqE7judS6o7utxUCg6imJg3QK2qzHKszlTjcj2cn+NwMB2i96ubpj7w==}

  '@types/react-dom@18.0.11':
    resolution: {integrity: sha512-O38bPbI2CWtgw/OoQoY+BRelw7uysmXbWvw3nLWO21H1HSh+GOlqPuXshJfjmpNlKiiSDG9cc1JZAaMmVdcTlw==}

  '@types/react@18.0.28':
    resolution: {integrity: sha512-RD0ivG1kEztNBdoAK7lekI9M+azSnitIn85h4iOiaLjaTrMjzslhaqCGaI4IyCJ1RljWiLCEu4jyrLLgqxBTew==}

  '@types/scheduler@0.16.2':
    resolution: {integrity: sha512-hppQEBDmlwhFAXKJX2KnWLYu5yMfi91yazPb2l+lbJiwW+wdo1gNeRA+3RgNSO39WYX2euey41KEwnqesU2Jew==}

  acorn-node@1.8.2:
    resolution: {integrity: sha512-8mt+fslDufLYntIoPAaIMUe/lrbrehIiwmR3t2k9LljIzoigEPF27eLk2hy8zSGzmR/ogr7zbRKINMo1u0yh5A==}

  acorn-walk@7.2.0:
    resolution: {integrity: sha512-OPdCF6GsMIP+Az+aWfAAOEt2/+iVDKE7oy6lJ098aoe59oAmK76qV6Gw60SbZ8jHuG2wH058GF4pLFbYamYrVA==}
    engines: {node: '>=0.4.0'}

  acorn@7.4.1:
    resolution: {integrity: sha512-nQyp0o1/mNdbTO1PO6kHkwSrmgZ0MT/jCCpNiwbUjGoRN4dlBhqJtoQuCnEOKzgTVwg0ZWiCoQy6SxMebQVh8A==}
    engines: {node: '>=0.4.0'}
    hasBin: true

  anymatch@3.1.3:
    resolution: {integrity: sha512-KMReFUr0B4t+D+OBkjR3KYqvocp2XaSzO55UcB6mgQMd3KbcE+mWTyvVV7D/zsdEbNnV6acZUutkiHQXvTr1Rw==}
    engines: {node: '>= 8'}

  arg@5.0.2:
    resolution: {integrity: sha512-PYjyFOLKQ9y57JvQ6QLo8dAgNqswh8M1RMJYdQduT6xbWSgK36P/Z/v+p888pM69jMMfS8Xd8F6I1kQ/I9HUGg==}

  autoprefixer@10.4.13:
    resolution: {integrity: sha512-49vKpMqcZYsJjwotvt4+h/BCjJVnhGwcLpDt5xkcaOG3eLrG/HUYLagrihYsQ+qrIBgIzX1Rw7a6L8I/ZA1Atg==}
    engines: {node: ^10 || ^12 || >=14}
    hasBin: true
    peerDependencies:
      postcss: ^8.1.0

  binary-extensions@2.2.0:
    resolution: {integrity: sha512-jDctJ/IVQbZoJykoeHbhXpOlNBqGNcwXJKJog42E5HDPUwQTSdjCHdihjj0DlnheQ7blbT6dHOafNAiS8ooQKA==}
    engines: {node: '>=8'}

  braces@3.0.2:
    resolution: {integrity: sha512-b8um+L1RzM3WDSzvhm6gIz1yfTbBt6YTlcEKAvsmqCZZFw46z626lVj9j1yEPW33H5H+lBQpZMP1k8l+78Ha0A==}
    engines: {node: '>=8'}

  browserslist@4.21.5:
    resolution: {integrity: sha512-tUkiguQGW7S3IhB7N+c2MV/HZPSCPAAiYBZXLsBhFB/PCy6ZKKsZrmBayHV9fdGV/ARIfJ14NkxKzRDjvp7L6w==}
    engines: {node: ^6 || ^7 || ^8 || ^9 || ^10 || ^11 || ^12 || >=13.7}
    hasBin: true

  camelcase-css@2.0.1:
    resolution: {integrity: sha512-QOSvevhslijgYwRx6Rv7zKdMF8lbRmx+uQGx2+vDc+KI/eBnsy9kit5aj23AgGu3pa4t9AgwbnXWqS+iOY+2aA==}
    engines: {node: '>= 6'}

  caniuse-lite@1.0.30001460:
    resolution: {integrity: sha512-Bud7abqjvEjipUkpLs4D7gR0l8hBYBHoa+tGtKJHvT2AYzLp1z7EmVkUT4ERpVUfca8S2HGIVs883D8pUH1ZzQ==}

  chokidar@3.5.3:
    resolution: {integrity: sha512-Dr3sfKRP6oTcjf2JmUmFJfeVMvXBdegxB0iVQ5eb2V10uFJUCAS8OByZdVAyVb8xXNz3GjjTgj9kLWsZTqE6kw==}
    engines: {node: '>= 8.10.0'}

  class-variance-authority@0.7.0:
    resolution: {integrity: sha512-jFI8IQw4hczaL4ALINxqLEXQbWcNjoSkloa4IaufXCJr6QawJyw7tuRysRsrE8w2p/4gGaxKIt/hX3qz/IbD1A==}

  client-only@0.0.1:
    resolution: {integrity: sha512-IV3Ou0jSMzZrd3pZ48nLkT9DA7Ag1pnPzaiQhpW7c3RbcqqzvzzVu+L8gfqMp/8IM2MQtSiqaCxrrcfu8I8rMA==}

  clsx@2.0.0:
    resolution: {integrity: sha512-rQ1+kcj+ttHG0MKVGBUXwayCCF1oh39BF5COIpRzuCEv8Mwjv0XucrI2ExNTOn9IlLifGClWQcU9BrZORvtw6Q==}
    engines: {node: '>=6'}

  clsx@2.1.1:
    resolution: {integrity: sha512-eYm0QWBtUrBWZWG0d386OGAw16Z995PiOVo2B7bjWSbHedGl5e0ZWaq65kOGgUSNesEIDkB9ISbTg/JK9dhCZA==}
    engines: {node: '>=6'}

  color-name@1.1.4:
    resolution: {integrity: sha512-dOy+3AuW3a2wNbZHIuMZpTcgjGuLU/uBL/ubcZF9OXbDo8ff4O8yVp5Bf0efS8uEoYo5q4Fx7dY9OgQGXgAsQA==}

  cssesc@3.0.0:
    resolution: {integrity: sha512-/Tb/JcjK111nNScGob5MNtsntNM1aCNUDipB/TkwZFhyDrrE47SOx/18wF2bbjgc3ZzCSKW1T5nt5EbFoAz/Vg==}
    engines: {node: '>=4'}
    hasBin: true

  csstype@3.1.1:
    resolution: {integrity: sha512-DJR/VvkAvSZW9bTouZue2sSxDwdTN92uHjqeKVm+0dAqdfNykRzQ95tay8aXMBAAPpUiq4Qcug2L7neoRh2Egw==}

  defined@1.0.1:
    resolution: {integrity: sha512-hsBd2qSVCRE+5PmNdHt1uzyrFu5d3RwmFDKzyNZMFq/EwDNJF7Ee5+D5oEKF0hU6LhtoUF1macFvOe4AskQC1Q==}

  detective@5.2.1:
    resolution: {integrity: sha512-v9XE1zRnz1wRtgurGu0Bs8uHKFSTdteYZNbIPFVhUZ39L/S79ppMpdmVOZAnoz1jfEFodc48n6MX483Xo3t1yw==}
    engines: {node: '>=0.8.0'}
    hasBin: true

  didyoumean@1.2.2:
    resolution: {integrity: sha512-gxtyfqMg7GKyhQmb056K7M3xszy/myH8w+B4RT+QXBQsvAOdc3XymqDDPHx1BgPgsdAA5SIifona89YtRATDzw==}

  dlv@1.1.3:
    resolution: {integrity: sha512-+HlytyjlPKnIG8XuRG8WvmBP8xs8P71y+SKKS6ZXWoEgLuePxtDoUEiH7WkdePWrQ5JBpE6aoVqfZfJUQkjXwA==}

  electron-to-chromium@1.4.318:
    resolution: {integrity: sha512-EQHZE/yO9Sg6gIP9VezPltDWFA8pMnv7dNRb4Y0ukels3iyXTH313gbHvK/tZwUF+jeh5F5fDf1rqWb8ZWX8fw==}

  escalade@3.1.1:
    resolution: {integrity: sha512-k0er2gUkLf8O0zKJiAhmkTnJlTvINGv7ygDNPbeIsX/TJjGJZHuh9B2UxbsaEkmlEo9MfhrSzmhIlhRlI2GXnw==}
    engines: {node: '>=6'}

  fast-glob@3.2.12:
    resolution: {integrity: sha512-DVj4CQIYYow0BlaelwK1pHl5n5cRSJfM60UA0zK891sVInoPri2Ekj7+e1CT3/3qxXenpI+nBBmQAcJPJgaj4w==}
    engines: {node: '>=8.6.0'}

  fastq@1.15.0:
    resolution: {integrity: sha512-wBrocU2LCXXa+lWBt8RoIRD89Fi8OdABODa/kEnyeyjS5aZO5/GNvI5sEINADqP/h8M29UHTHUb53sUu5Ihqdw==}

  fill-range@7.0.1:
    resolution: {integrity: sha512-qOo9F+dMUmC2Lcb4BbVvnKJxTPjCm+RRpe4gDuGrzkL7mEVl/djYSu2OdQ2Pa302N4oqkSg9ir6jaLWJ2USVpQ==}
    engines: {node: '>=8'}

  fraction.js@4.2.0:
    resolution: {integrity: sha512-MhLuK+2gUcnZe8ZHlaaINnQLl0xRIGRfcGk2yl8xoQAfHrSsL3rYu6FCmBdkdbhc9EPlwyGHewaRsvwRMJtAlA==}

  framer-motion@10.0.1:
    resolution: {integrity: sha512-/N7gBA9gH8PkStyNQ67P/lx8UhL/7Y8z9Ku7FfgOF77sSG8wu8781kX7I5ZUgflRRtQXo8qH4Rev23004G1zcQ==}
    peerDependencies:
      react: ^18.0.0
      react-dom: ^18.0.0

  fsevents@2.3.2:
    resolution: {integrity: sha512-xiqMQR4xAeHTuB9uWm+fFRcIOgKBMiOBP+eXiyT7jsgVCq1bkVygt00oASowB7EdtpOHaaPgKt812P9ab+DDKA==}
    engines: {node: ^8.16.0 || ^10.6.0 || >=11.0.0}
    os: [darwin]

  function-bind@1.1.1:
    resolution: {integrity: sha512-yIovAzMX49sF8Yl58fSCWJ5svSLuaibPxXQJFLmBObTuCr0Mf1KiPopGM9NiFjiYBCbfaa2Fh6breQ6ANVTI0A==}

  glob-parent@5.1.2:
    resolution: {integrity: sha512-AOIgSQCepiJYwP3ARnGx+5VnTu2HBYdzbGP45eLw1vr3zB3vZLeyed1sC9hnbcOc9/SrMyM5RPQrkGz4aS9Zow==}
    engines: {node: '>= 6'}

  glob-parent@6.0.2:
    resolution: {integrity: sha512-XxwI8EOhVQgWp6iDL+3b0r86f4d6AX6zSU55HfB4ydCEuXLXc5FcYeOu+nnGftS4TEju/11rt4KJPTMgbfmv4A==}
    engines: {node: '>=10.13.0'}

  has@1.0.3:
    resolution: {integrity: sha512-f2dvO0VU6Oej7RkWJGrehjbzMAjFp5/VKPp5tTpWIV4JHHZK1/BxbFRtf/siA2SWTe09caDmVtYYzWEIbBS4zw==}
    engines: {node: '>= 0.4.0'}

  is-binary-path@2.1.0:
    resolution: {integrity: sha512-ZMERYes6pDydyuGidse7OsHxtbI7WVeUEozgR/g7rd0xUimYNlvZRE/K2MgZTjWy725IfelLeVcEM97mmtRGXw==}
    engines: {node: '>=8'}

  is-core-module@2.11.0:
    resolution: {integrity: sha512-RRjxlvLDkD1YJwDbroBHMb+cukurkDWNyHx7D3oNB5x9rb5ogcksMC5wHCadcXoo67gVr/+3GFySh3134zi6rw==}

  is-extglob@2.1.1:
    resolution: {integrity: sha512-SbKbANkN603Vi4jEZv49LeVJMn4yGwsbzZworEoyEiutsN3nJYdbO36zfhGJ6QEDpOZIFkDtnq5JRxmvl3jsoQ==}
    engines: {node: '>=0.10.0'}

  is-glob@4.0.3:
    resolution: {integrity: sha512-xelSayHH36ZgE7ZWhli7pW34hNbNl8Ojv5KVmkJD4hBdD3th8Tfk9vYasLM+mXWOZhFkgZfxhLSnrwRr4elSSg==}
    engines: {node: '>=0.10.0'}

  is-number@7.0.0:
    resolution: {integrity: sha512-41Cifkg6e8TylSpdtTpeLVMqvSBEVzTttHvERD741+pnZ8ANv0004MRL43QKPDlK9cGvNp6NZWZUBlbGXYxxng==}
    engines: {node: '>=0.12.0'}

  js-tokens@4.0.0:
    resolution: {integrity: sha512-RdJUflcE3cUzKiMqQgsCu06FPu9UdIJO0beYbPhHN4k6apgJtifcoCtT9bcxOpYBtpD2kCM6Sbzg4CausW/PKQ==}

  lilconfig@2.1.0:
    resolution: {integrity: sha512-utWOt/GHzuUxnLKxB6dk81RoOeoNeHgbrXiuGk4yyF5qlRz+iIVWu56E2fqGHFrXz0QNUhLB/8nKqvRH66JKGQ==}
    engines: {node: '>=10'}

  loose-envify@1.4.0:
    resolution: {integrity: sha512-lyuxPGr/Wfhrlem2CL/UcnUc1zcqKAImBDzukY7Y5F/yQiNdko6+fRLevlw1HgMySw7f611UIY408EtxRSoK3Q==}
    hasBin: true

  lucide-react@0.453.0:
    resolution: {integrity: sha512-kL+RGZCcJi9BvJtzg2kshO192Ddy9hv3ij+cPrVPWSRzgCWCVazoQJxOjAwgK53NomL07HB7GPHW120FimjNhQ==}
    peerDependencies:
      react: ^16.5.1 || ^17.0.0 || ^18.0.0 || ^19.0.0-rc

  merge2@1.4.1:
    resolution: {integrity: sha512-8q7VEgMJW4J8tcfVPy8g09NcQwZdbwFEqhe/WZkoIzjn/3TGDwtOCYtXGxA3O8tPzpczCCDgv+P2P5y00ZJOOg==}
    engines: {node: '>= 8'}

  micromatch@4.0.5:
    resolution: {integrity: sha512-DMy+ERcEW2q8Z2Po+WNXuw3c5YaUSFjAO5GsJqfEl7UjvtIuFKO6ZrKvcItdy98dwFI2N1tg3zNIdKaQT+aNdA==}
    engines: {node: '>=8.6'}

  minimist@1.2.8:
    resolution: {integrity: sha512-2yyAR8qBkN3YuheJanUpWC5U3bb5osDywNB8RzDVlDwDHbocAJveqqj1u8+SVD7jkWT4yvsHCpWqqWqAxb0zCA==}

  nanoid@3.3.4:
    resolution: {integrity: sha512-MqBkQh/OHTS2egovRtLk45wEyNXwF+cokD+1YPf9u5VfJiRdAiRwB2froX5Co9Rh20xs4siNPm8naNotSD6RBw==}
    engines: {node: ^10 || ^12 || ^13.7 || ^14 || >=15.0.1}
    hasBin: true

  next@13.2.3:
    resolution: {integrity: sha512-nKFJC6upCPN7DWRx4+0S/1PIOT7vNlCT157w9AzbXEgKy6zkiPKEt5YyRUsRZkmpEqBVrGgOqNfwecTociyg+w==}
    engines: {node: '>=14.6.0'}
    hasBin: true
    peerDependencies:
      '@opentelemetry/api': ^1.4.0
      fibers: '>= 3.1.0'
      node-sass: ^6.0.0 || ^7.0.0
      react: ^18.2.0
      react-dom: ^18.2.0
      sass: ^1.3.0
    peerDependenciesMeta:
      '@opentelemetry/api':
        optional: true
      fibers:
        optional: true
      node-sass:
        optional: true
      sass:
        optional: true

  node-releases@2.0.10:
    resolution: {integrity: sha512-5GFldHPXVG/YZmFzJvKK2zDSzPKhEp0+ZR5SVaoSag9fsL5YgHbUHDfnG5494ISANDcK4KwPXAx2xqVEydmd7w==}

  normalize-path@3.0.0:
    resolution: {integrity: sha512-6eZs5Ls3WtCisHWp9S2GUy8dqkpGi4BVSz3GaqiE6ezub0512ESztXUwUB6C6IKbQkY2Pnb/mD4WYojCRwcwLA==}
    engines: {node: '>=0.10.0'}

  normalize-range@0.1.2:
    resolution: {integrity: sha512-bdok/XvKII3nUpklnV6P2hxtMNrCboOjAcyBuQnWEhO665FwrSNRxU+AqpsyvO6LgGYPspN+lu5CLtw4jPRKNA==}
    engines: {node: '>=0.10.0'}

  object-hash@3.0.0:
    resolution: {integrity: sha512-RSn9F68PjH9HqtltsSnqYC1XXoWe9Bju5+213R98cNGttag9q9yAOTzdbsqvIa7aNm5WffBZFpWYr2aWrklWAw==}
    engines: {node: '>= 6'}

  path-parse@1.0.7:
    resolution: {integrity: sha512-LDJzPVEEEPR+y48z93A0Ed0yXb8pAByGWo/k5YYdYgpY2/2EsOsksJrq7lOHxryrVOn1ejG6oAp8ahvOIQD8sw==}

  picocolors@1.0.0:
    resolution: {integrity: sha512-1fygroTLlHu66zi26VoTDv8yRgm0Fccecssto+MhsZ0D/DGW2sm8E8AjW7NU5VVTRt5GxbeZ5qBuJr+HyLYkjQ==}

  picomatch@2.3.1:
    resolution: {integrity: sha512-JU3teHTNjmE2VCGFzuY8EXzCDVwEqB2a8fsIvwaStHhAWJEeVd1o1QD80CU6+ZdEXXSLbSsuLwJjkCBWqRQUVA==}
    engines: {node: '>=8.6'}

  pify@2.3.0:
    resolution: {integrity: sha512-udgsAY+fTnvv7kI7aaxbqwWNb0AHiB0qBO89PZKPkoTmGOgdbrHDKD+0B2X4uTfJ/FT1R09r9gTsjUjNJotuog==}
    engines: {node: '>=0.10.0'}

  postcss-import@14.1.0:
    resolution: {integrity: sha512-flwI+Vgm4SElObFVPpTIT7SU7R3qk2L7PyduMcokiaVKuWv9d/U+Gm/QAd8NDLuykTWTkcrjOeD2Pp1rMeBTGw==}
    engines: {node: '>=10.0.0'}
    peerDependencies:
      postcss: ^8.0.0

  postcss-js@4.0.1:
    resolution: {integrity: sha512-dDLF8pEO191hJMtlHFPRa8xsizHaM82MLfNkUHdUtVEV3tgTp5oj+8qbEqYM57SLfc74KSbw//4SeJma2LRVIw==}
    engines: {node: ^12 || ^14 || >= 16}
    peerDependencies:
      postcss: ^8.4.21

  postcss-load-config@3.1.4:
    resolution: {integrity: sha512-6DiM4E7v4coTE4uzA8U//WhtPwyhiim3eyjEMFCnUpzbrkK9wJHgKDT2mR+HbtSrd/NubVaYTOpSpjUl8NQeRg==}
    engines: {node: '>= 10'}
    peerDependencies:
      postcss: '>=8.0.9'
      ts-node: '>=9.0.0'
    peerDependenciesMeta:
      postcss:
        optional: true
      ts-node:
        optional: true

  postcss-nested@6.0.0:
    resolution: {integrity: sha512-0DkamqrPcmkBDsLn+vQDIrtkSbNkv5AD/M322ySo9kqFkCIYklym2xEmWkwo+Y3/qZo34tzEPNUw4y7yMCdv5w==}
    engines: {node: '>=12.0'}
    peerDependencies:
      postcss: ^8.2.14

  postcss-selector-parser@6.0.11:
    resolution: {integrity: sha512-zbARubNdogI9j7WY4nQJBiNqQf3sLS3wCP4WfOidu+p28LofJqDH1tcXypGrcmMHhDk2t9wGhCsYe/+szLTy1g==}
    engines: {node: '>=4'}

  postcss-value-parser@4.2.0:
    resolution: {integrity: sha512-1NNCs6uurfkVbeXG4S8JFT9t19m45ICnif8zWLd5oPSZ50QnwMfK+H3jv408d4jw/7Bttv5axS5IiHoLaVNHeQ==}

  postcss@8.4.14:
    resolution: {integrity: sha512-E398TUmfAYFPBSdzgeieK2Y1+1cpdxJx8yXbK/m57nRhKSmk1GB2tO4lbLBtlkfPQTDKfe4Xqv1ASWPpayPEig==}
    engines: {node: ^10 || ^12 || >=14}

  postcss@8.4.21:
    resolution: {integrity: sha512-tP7u/Sn/dVxK2NnruI4H9BG+x+Wxz6oeZ1cJ8P6G/PZY0IKk4k/63TDsQf2kQq3+qoJeLm2kIBUNlZe3zgb4Zg==}
    engines: {node: ^10 || ^12 || >=14}

  queue-microtask@1.2.3:
    resolution: {integrity: sha512-NuaNSa6flKT5JaSYQzJok04JzTL1CA6aGhv5rfLW3PgqA+M2ChpZQnAC8h8i4ZFkBS8X5RqkDBHA7r4hej3K9A==}

  quick-lru@5.1.1:
    resolution: {integrity: sha512-WuyALRjWPDGtt/wzJiadO5AXY+8hZ80hVpe6MyivgraREW751X3SbhRvG3eLKOYN+8VEvqLcf3wdnt44Z4S4SA==}
    engines: {node: '>=10'}

  react-dom@18.2.0:
    resolution: {integrity: sha512-6IMTriUmvsjHUjNtEDudZfuDQUoWXVxKHhlEGSk81n4YFS+r/Kl99wXiwlVXtPBtJenozv2P+hxDsw9eA7Xo6g==}
    peerDependencies:
      react: ^18.2.0

  react@18.2.0:
    resolution: {integrity: sha512-/3IjMdb2L9QbBdWiW5e3P2/npwMBaU9mHCSCUzNln0ZCYbcfTsGbTJrU/kGemdH2IWmB2ioZ+zkxtmq6g09fGQ==}
    engines: {node: '>=0.10.0'}

  read-cache@1.0.0:
    resolution: {integrity: sha512-Owdv/Ft7IjOgm/i0xvNDZ1LrRANRfew4b2prF3OWMQLxLfu3bS8FVhCsrSCMK4lR56Y9ya+AThoTpDCTxCmpRA==}

  readdirp@3.6.0:
    resolution: {integrity: sha512-hOS089on8RduqdbhvQ5Z37A0ESjsqz6qnRcffsMU3495FuTdqSm+7bhJ29JvIOsBDEEnan5DPu9t3To9VRlMzA==}
    engines: {node: '>=8.10.0'}

  resolve@1.22.1:
    resolution: {integrity: sha512-nBpuuYuY5jFsli/JIs1oldw6fOQCBioohqWZg/2hiaOybXOft4lonv85uDOKXdf8rhyK159cxU5cDcK/NKk8zw==}
    hasBin: true

  reusify@1.0.4:
    resolution: {integrity: sha512-U9nH88a3fc/ekCF1l0/UP1IosiuIjyTh7hBvXVMHYgVcfGvt897Xguj2UOLDeI5BG2m7/uwyaLVT6fbtCwTyzw==}
    engines: {iojs: '>=1.0.0', node: '>=0.10.0'}

  run-parallel@1.2.0:
    resolution: {integrity: sha512-5l4VyZR86LZ/lDxZTR6jqL8AFE2S0IFLMP26AbjsLVADxHdhB/c0GUsH+y39UfCi3dzz8OlQuPmnaJOMoDHQBA==}

  scheduler@0.23.0:
    resolution: {integrity: sha512-CtuThmgHNg7zIZWAXi3AsyIzA3n4xx7aNyjwC2VJldO2LMVDhFK+63xGqq6CsJH4rTAt6/M+N4GhZiDYPx9eUw==}

  source-map-js@1.0.2:
    resolution: {integrity: sha512-R0XvVJ9WusLiqTCEiGCmICCMplcCkIwwR11mOSD9CR5u+IXYdiseeEuXCVAjS54zqwkLcPNnmU4OeJ6tUrWhDw==}
    engines: {node: '>=0.10.0'}

  styled-jsx@5.1.1:
    resolution: {integrity: sha512-pW7uC1l4mBZ8ugbiZrcIsiIvVx1UmTfw7UkC3Um2tmfUq9Bhk8IiyEIPl6F8agHgjzku6j0xQEZbfA5uSgSaCw==}
    engines: {node: '>= 12.0.0'}
    peerDependencies:
      '@babel/core': '*'
      babel-plugin-macros: '*'
      react: '>= 16.8.0 || 17.x.x || ^18.0.0-0'
    peerDependenciesMeta:
      '@babel/core':
        optional: true
      babel-plugin-macros:
        optional: true

  supports-preserve-symlinks-flag@1.0.0:
    resolution: {integrity: sha512-ot0WnXS9fgdkgIcePe6RHNk1WA8+muPa6cSjeR3V8K27q9BB1rTE3R1p7Hv0z1ZyAc8s6Vvv8DIyWf681MAt0w==}
    engines: {node: '>= 0.4'}

  tailwind-merge@2.5.4:
    resolution: {integrity: sha512-0q8cfZHMu9nuYP/b5Shb7Y7Sh1B7Nnl5GqNr1U+n2p6+mybvRtayrQ+0042Z5byvTA8ihjlP8Odo8/VnHbZu4Q==}

  tailwind-scrollbar@2.1.0:
    resolution: {integrity: sha512-zpvY5mDs0130YzYjZKBiDaw32rygxk5RyJ4KmeHjGnwkvbjm/PszON1m4Bbt2DkMRIXlXsfNevykAESgURN4KA==}
    engines: {node: '>=12.13.0'}
    peerDependencies:
      tailwindcss: 3.x

  tailwindcss-animate@1.0.7:
    resolution: {integrity: sha512-bl6mpH3T7I3UFxuvDEXLxy/VuFxBk5bbzplh7tXI68mwMokNYd1t9qPBHlnyTwfa4JGC4zP516I1hYYtQ/vspA==}
    peerDependencies:
      tailwindcss: '>=3.0.0 || insiders'

  tailwindcss@3.2.7:
    resolution: {integrity: sha512-B6DLqJzc21x7wntlH/GsZwEXTBttVSl1FtCzC8WP4oBc/NKef7kaax5jeihkkCEWc831/5NDJ9gRNDK6NEioQQ==}
    engines: {node: '>=12.13.0'}
    hasBin: true
    peerDependencies:
      postcss: ^8.0.9

  to-regex-range@5.0.1:
    resolution: {integrity: sha512-65P7iz6X5yEr1cwcgvQxbbIw7Uk3gOy5dIdtZ4rDveLqhrdJP+Li/Hx6tyK0NEb+2GCyneCMJiGqrADCSNk8sQ==}
    engines: {node: '>=8.0'}

  tslib@2.5.0:
    resolution: {integrity: sha512-336iVw3rtn2BUK7ORdIAHTyxHGRIHVReokCR3XjbckJMK7ms8FysBfhLR8IXnAgy7T0PTPNBWKiH514FOW/WSg==}

  typescript@4.9.5:
    resolution: {integrity: sha512-1FXk9E2Hm+QzZQ7z+McJiHL4NW1F2EzMu9Nq9i3zAaGqibafqYwCVU6WyWAuyQRRzOlxou8xZSyXLEN8oKj24g==}
    engines: {node: '>=4.2.0'}
    hasBin: true

  update-browserslist-db@1.0.10:
    resolution: {integrity: sha512-OztqDenkfFkbSG+tRxBeAnCVPckDBcvibKd35yDONx6OU8N7sqgwc7rCbkJ/WcYtVRZ4ba68d6byhC21GFh7sQ==}
    hasBin: true
    peerDependencies:
      browserslist: '>= 4.21.0'

  util-deprecate@1.0.2:
    resolution: {integrity: sha512-EPD5q1uXyFxJpCrLnCc1nHnq3gOa6DZBocAIiI2TaSCA7VCJ1UJDMagCzIkXNsUYfD1daK//LTEQ8xiIbrHtcw==}

  xtend@4.0.2:
    resolution: {integrity: sha512-LKYU1iAXJXUgAXn9URjiu+MWhyUXHsvfp7mcuYm9dSUKK0/CjtrUwFAxD82/mCWbtLsGjFIad0wIsod4zrTAEQ==}
    engines: {node: '>=0.4'}

  yaml@1.10.2:
    resolution: {integrity: sha512-r3vXyErRCYJ7wg28yvBY5VSoAF8ZvlcW9/BwUzEtUsjvX/DKs24dIkuwjtuprwJJHsbyUbLApepYTR1BN4uHrg==}
    engines: {node: '>= 6'}

snapshots:

  '@emotion/is-prop-valid@0.8.8':
    dependencies:
      '@emotion/memoize': 0.7.4
    optional: true

  '@emotion/memoize@0.7.4':
    optional: true

  '@floating-ui/core@1.6.8':
    dependencies:
      '@floating-ui/utils': 0.2.8

  '@floating-ui/dom@1.6.11':
    dependencies:
      '@floating-ui/core': 1.6.8
      '@floating-ui/utils': 0.2.8

  '@floating-ui/react-dom@2.1.2(react-dom@18.2.0(react@18.2.0))(react@18.2.0)':
    dependencies:
      '@floating-ui/dom': 1.6.11
      react: 18.2.0
      react-dom: 18.2.0(react@18.2.0)

  '@floating-ui/utils@0.2.8': {}

  '@heroicons/react@2.0.16(react@18.2.0)':
    dependencies:
      react: 18.2.0

  '@next/env@13.2.3': {}

  '@next/font@13.2.3': {}

  '@next/swc-android-arm-eabi@13.2.3':
    optional: true

  '@next/swc-android-arm64@13.2.3':
    optional: true

  '@next/swc-darwin-arm64@13.2.3':
    optional: true

  '@next/swc-darwin-x64@13.2.3':
    optional: true

  '@next/swc-freebsd-x64@13.2.3':
    optional: true

  '@next/swc-linux-arm-gnueabihf@13.2.3':
    optional: true

  '@next/swc-linux-arm64-gnu@13.2.3':
    optional: true

  '@next/swc-linux-arm64-musl@13.2.3':
    optional: true

  '@next/swc-linux-x64-gnu@13.2.3':
    optional: true

  '@next/swc-linux-x64-musl@13.2.3':
    optional: true

  '@next/swc-win32-arm64-msvc@13.2.3':
    optional: true

  '@next/swc-win32-ia32-msvc@13.2.3':
    optional: true

  '@next/swc-win32-x64-msvc@13.2.3':
    optional: true

  '@nodelib/fs.scandir@2.1.5':
    dependencies:
      '@nodelib/fs.stat': 2.0.5
      run-parallel: 1.2.0

  '@nodelib/fs.stat@2.0.5': {}

  '@nodelib/fs.walk@1.2.8':
    dependencies:
      '@nodelib/fs.scandir': 2.1.5
      fastq: 1.15.0

  '@radix-ui/primitive@1.1.0': {}

  '@radix-ui/react-arrow@1.1.0(@types/react-dom@18.0.11)(@types/react@18.0.28)(react-dom@18.2.0(react@18.2.0))(react@18.2.0)':
    dependencies:
      '@radix-ui/react-primitive': 2.0.0(@types/react-dom@18.0.11)(@types/react@18.0.28)(react-dom@18.2.0(react@18.2.0))(react@18.2.0)
      react: 18.2.0
      react-dom: 18.2.0(react@18.2.0)
    optionalDependencies:
      '@types/react': 18.0.28
      '@types/react-dom': 18.0.11

  '@radix-ui/react-compose-refs@1.1.0(@types/react@18.0.28)(react@18.2.0)':
    dependencies:
      react: 18.2.0
    optionalDependencies:
      '@types/react': 18.0.28

  '@radix-ui/react-context@1.1.0(@types/react@18.0.28)(react@18.2.0)':
    dependencies:
      react: 18.2.0
    optionalDependencies:
      '@types/react': 18.0.28

  '@radix-ui/react-context@1.1.1(@types/react@18.0.28)(react@18.2.0)':
    dependencies:
      react: 18.2.0
    optionalDependencies:
      '@types/react': 18.0.28

  '@radix-ui/react-dismissable-layer@1.1.1(@types/react-dom@18.0.11)(@types/react@18.0.28)(react-dom@18.2.0(react@18.2.0))(react@18.2.0)':
    dependencies:
      '@radix-ui/primitive': 1.1.0
      '@radix-ui/react-compose-refs': 1.1.0(@types/react@18.0.28)(react@18.2.0)
      '@radix-ui/react-primitive': 2.0.0(@types/react-dom@18.0.11)(@types/react@18.0.28)(react-dom@18.2.0(react@18.2.0))(react@18.2.0)
      '@radix-ui/react-use-callback-ref': 1.1.0(@types/react@18.0.28)(react@18.2.0)
      '@radix-ui/react-use-escape-keydown': 1.1.0(@types/react@18.0.28)(react@18.2.0)
      react: 18.2.0
      react-dom: 18.2.0(react@18.2.0)
    optionalDependencies:
      '@types/react': 18.0.28
      '@types/react-dom': 18.0.11

  '@radix-ui/react-hover-card@1.1.2(@types/react-dom@18.0.11)(@types/react@18.0.28)(react-dom@18.2.0(react@18.2.0))(react@18.2.0)':
    dependencies:
      '@radix-ui/primitive': 1.1.0
      '@radix-ui/react-compose-refs': 1.1.0(@types/react@18.0.28)(react@18.2.0)
      '@radix-ui/react-context': 1.1.1(@types/react@18.0.28)(react@18.2.0)
      '@radix-ui/react-dismissable-layer': 1.1.1(@types/react-dom@18.0.11)(@types/react@18.0.28)(react-dom@18.2.0(react@18.2.0))(react@18.2.0)
      '@radix-ui/react-popper': 1.2.0(@types/react-dom@18.0.11)(@types/react@18.0.28)(react-dom@18.2.0(react@18.2.0))(react@18.2.0)
      '@radix-ui/react-portal': 1.1.2(@types/react-dom@18.0.11)(@types/react@18.0.28)(react-dom@18.2.0(react@18.2.0))(react@18.2.0)
      '@radix-ui/react-presence': 1.1.1(@types/react-dom@18.0.11)(@types/react@18.0.28)(react-dom@18.2.0(react@18.2.0))(react@18.2.0)
      '@radix-ui/react-primitive': 2.0.0(@types/react-dom@18.0.11)(@types/react@18.0.28)(react-dom@18.2.0(react@18.2.0))(react@18.2.0)
      '@radix-ui/react-use-controllable-state': 1.1.0(@types/react@18.0.28)(react@18.2.0)
      react: 18.2.0
      react-dom: 18.2.0(react@18.2.0)
    optionalDependencies:
      '@types/react': 18.0.28
      '@types/react-dom': 18.0.11

  '@radix-ui/react-icons@1.3.0(react@18.2.0)':
    dependencies:
      react: 18.2.0

  '@radix-ui/react-popper@1.2.0(@types/react-dom@18.0.11)(@types/react@18.0.28)(react-dom@18.2.0(react@18.2.0))(react@18.2.0)':
    dependencies:
      '@floating-ui/react-dom': 2.1.2(react-dom@18.2.0(react@18.2.0))(react@18.2.0)
      '@radix-ui/react-arrow': 1.1.0(@types/react-dom@18.0.11)(@types/react@18.0.28)(react-dom@18.2.0(react@18.2.0))(react@18.2.0)
      '@radix-ui/react-compose-refs': 1.1.0(@types/react@18.0.28)(react@18.2.0)
      '@radix-ui/react-context': 1.1.0(@types/react@18.0.28)(react@18.2.0)
      '@radix-ui/react-primitive': 2.0.0(@types/react-dom@18.0.11)(@types/react@18.0.28)(react-dom@18.2.0(react@18.2.0))(react@18.2.0)
      '@radix-ui/react-use-callback-ref': 1.1.0(@types/react@18.0.28)(react@18.2.0)
      '@radix-ui/react-use-layout-effect': 1.1.0(@types/react@18.0.28)(react@18.2.0)
      '@radix-ui/react-use-rect': 1.1.0(@types/react@18.0.28)(react@18.2.0)
      '@radix-ui/react-use-size': 1.1.0(@types/react@18.0.28)(react@18.2.0)
      '@radix-ui/rect': 1.1.0
      react: 18.2.0
      react-dom: 18.2.0(react@18.2.0)
    optionalDependencies:
      '@types/react': 18.0.28
      '@types/react-dom': 18.0.11

  '@radix-ui/react-portal@1.1.2(@types/react-dom@18.0.11)(@types/react@18.0.28)(react-dom@18.2.0(react@18.2.0))(react@18.2.0)':
    dependencies:
      '@radix-ui/react-primitive': 2.0.0(@types/react-dom@18.0.11)(@types/react@18.0.28)(react-dom@18.2.0(react@18.2.0))(react@18.2.0)
      '@radix-ui/react-use-layout-effect': 1.1.0(@types/react@18.0.28)(react@18.2.0)
      react: 18.2.0
      react-dom: 18.2.0(react@18.2.0)
    optionalDependencies:
      '@types/react': 18.0.28
      '@types/react-dom': 18.0.11

  '@radix-ui/react-presence@1.1.1(@types/react-dom@18.0.11)(@types/react@18.0.28)(react-dom@18.2.0(react@18.2.0))(react@18.2.0)':
    dependencies:
      '@radix-ui/react-compose-refs': 1.1.0(@types/react@18.0.28)(react@18.2.0)
      '@radix-ui/react-use-layout-effect': 1.1.0(@types/react@18.0.28)(react@18.2.0)
      react: 18.2.0
      react-dom: 18.2.0(react@18.2.0)
    optionalDependencies:
      '@types/react': 18.0.28
      '@types/react-dom': 18.0.11

  '@radix-ui/react-primitive@2.0.0(@types/react-dom@18.0.11)(@types/react@18.0.28)(react-dom@18.2.0(react@18.2.0))(react@18.2.0)':
    dependencies:
      '@radix-ui/react-slot': 1.1.0(@types/react@18.0.28)(react@18.2.0)
      react: 18.2.0
      react-dom: 18.2.0(react@18.2.0)
    optionalDependencies:
      '@types/react': 18.0.28
      '@types/react-dom': 18.0.11

  '@radix-ui/react-slot@1.1.0(@types/react@18.0.28)(react@18.2.0)':
    dependencies:
      '@radix-ui/react-compose-refs': 1.1.0(@types/react@18.0.28)(react@18.2.0)
      react: 18.2.0
    optionalDependencies:
      '@types/react': 18.0.28

  '@radix-ui/react-use-callback-ref@1.1.0(@types/react@18.0.28)(react@18.2.0)':
    dependencies:
      react: 18.2.0
    optionalDependencies:
      '@types/react': 18.0.28

  '@radix-ui/react-use-controllable-state@1.1.0(@types/react@18.0.28)(react@18.2.0)':
    dependencies:
      '@radix-ui/react-use-callback-ref': 1.1.0(@types/react@18.0.28)(react@18.2.0)
      react: 18.2.0
    optionalDependencies:
      '@types/react': 18.0.28

  '@radix-ui/react-use-escape-keydown@1.1.0(@types/react@18.0.28)(react@18.2.0)':
    dependencies:
      '@radix-ui/react-use-callback-ref': 1.1.0(@types/react@18.0.28)(react@18.2.0)
      react: 18.2.0
    optionalDependencies:
      '@types/react': 18.0.28

  '@radix-ui/react-use-layout-effect@1.1.0(@types/react@18.0.28)(react@18.2.0)':
    dependencies:
      react: 18.2.0
    optionalDependencies:
      '@types/react': 18.0.28

  '@radix-ui/react-use-rect@1.1.0(@types/react@18.0.28)(react@18.2.0)':
    dependencies:
      '@radix-ui/rect': 1.1.0
      react: 18.2.0
    optionalDependencies:
      '@types/react': 18.0.28

  '@radix-ui/react-use-size@1.1.0(@types/react@18.0.28)(react@18.2.0)':
    dependencies:
      '@radix-ui/react-use-layout-effect': 1.1.0(@types/react@18.0.28)(react@18.2.0)
      react: 18.2.0
    optionalDependencies:
      '@types/react': 18.0.28

  '@radix-ui/rect@1.1.0': {}

  '@swc/helpers@0.4.14':
    dependencies:
      tslib: 2.5.0

  '@types/node@18.14.5': {}

  '@types/prop-types@15.7.5': {}

  '@types/react-dom@18.0.11':
    dependencies:
      '@types/react': 18.0.28

  '@types/react@18.0.28':
    dependencies:
      '@types/prop-types': 15.7.5
      '@types/scheduler': 0.16.2
      csstype: 3.1.1

  '@types/scheduler@0.16.2': {}

  acorn-node@1.8.2:
    dependencies:
      acorn: 7.4.1
      acorn-walk: 7.2.0
      xtend: 4.0.2

  acorn-walk@7.2.0: {}

  acorn@7.4.1: {}

  anymatch@3.1.3:
    dependencies:
      normalize-path: 3.0.0
      picomatch: 2.3.1

  arg@5.0.2: {}

  autoprefixer@10.4.13(postcss@8.4.21):
    dependencies:
      browserslist: 4.21.5
      caniuse-lite: 1.0.30001460
      fraction.js: 4.2.0
      normalize-range: 0.1.2
      picocolors: 1.0.0
      postcss: 8.4.21
      postcss-value-parser: 4.2.0

  binary-extensions@2.2.0: {}

  braces@3.0.2:
    dependencies:
      fill-range: 7.0.1

  browserslist@4.21.5:
    dependencies:
      caniuse-lite: 1.0.30001460
      electron-to-chromium: 1.4.318
      node-releases: 2.0.10
      update-browserslist-db: 1.0.10(browserslist@4.21.5)

  camelcase-css@2.0.1: {}

  caniuse-lite@1.0.30001460: {}

  chokidar@3.5.3:
    dependencies:
      anymatch: 3.1.3
      braces: 3.0.2
      glob-parent: 5.1.2
      is-binary-path: 2.1.0
      is-glob: 4.0.3
      normalize-path: 3.0.0
      readdirp: 3.6.0
    optionalDependencies:
      fsevents: 2.3.2

  class-variance-authority@0.7.0:
    dependencies:
      clsx: 2.0.0

  client-only@0.0.1: {}

  clsx@2.0.0: {}

  clsx@2.1.1: {}

  color-name@1.1.4: {}

  cssesc@3.0.0: {}

  csstype@3.1.1: {}

  defined@1.0.1: {}

  detective@5.2.1:
    dependencies:
      acorn-node: 1.8.2
      defined: 1.0.1
      minimist: 1.2.8

  didyoumean@1.2.2: {}

  dlv@1.1.3: {}

  electron-to-chromium@1.4.318: {}

  escalade@3.1.1: {}

  fast-glob@3.2.12:
    dependencies:
      '@nodelib/fs.stat': 2.0.5
      '@nodelib/fs.walk': 1.2.8
      glob-parent: 5.1.2
      merge2: 1.4.1
      micromatch: 4.0.5

  fastq@1.15.0:
    dependencies:
      reusify: 1.0.4

  fill-range@7.0.1:
    dependencies:
      to-regex-range: 5.0.1

  fraction.js@4.2.0: {}

  framer-motion@10.0.1(react-dom@18.2.0(react@18.2.0))(react@18.2.0):
    dependencies:
      react: 18.2.0
      react-dom: 18.2.0(react@18.2.0)
      tslib: 2.5.0
    optionalDependencies:
      '@emotion/is-prop-valid': 0.8.8

  fsevents@2.3.2:
    optional: true

  function-bind@1.1.1: {}

  glob-parent@5.1.2:
    dependencies:
      is-glob: 4.0.3

  glob-parent@6.0.2:
    dependencies:
      is-glob: 4.0.3

  has@1.0.3:
    dependencies:
      function-bind: 1.1.1

  is-binary-path@2.1.0:
    dependencies:
      binary-extensions: 2.2.0

  is-core-module@2.11.0:
    dependencies:
      has: 1.0.3

  is-extglob@2.1.1: {}

  is-glob@4.0.3:
    dependencies:
      is-extglob: 2.1.1

  is-number@7.0.0: {}

  js-tokens@4.0.0: {}

  lilconfig@2.1.0: {}

  loose-envify@1.4.0:
    dependencies:
      js-tokens: 4.0.0

  lucide-react@0.453.0(react@18.2.0):
    dependencies:
      react: 18.2.0

  merge2@1.4.1: {}

  micromatch@4.0.5:
    dependencies:
      braces: 3.0.2
      picomatch: 2.3.1

  minimist@1.2.8: {}

  nanoid@3.3.4: {}

  next@13.2.3(react-dom@18.2.0(react@18.2.0))(react@18.2.0):
    dependencies:
      '@next/env': 13.2.3
      '@swc/helpers': 0.4.14
      caniuse-lite: 1.0.30001460
      postcss: 8.4.14
      react: 18.2.0
      react-dom: 18.2.0(react@18.2.0)
      styled-jsx: 5.1.1(react@18.2.0)
    optionalDependencies:
      '@next/swc-android-arm-eabi': 13.2.3
      '@next/swc-android-arm64': 13.2.3
      '@next/swc-darwin-arm64': 13.2.3
      '@next/swc-darwin-x64': 13.2.3
      '@next/swc-freebsd-x64': 13.2.3
      '@next/swc-linux-arm-gnueabihf': 13.2.3
      '@next/swc-linux-arm64-gnu': 13.2.3
      '@next/swc-linux-arm64-musl': 13.2.3
      '@next/swc-linux-x64-gnu': 13.2.3
      '@next/swc-linux-x64-musl': 13.2.3
      '@next/swc-win32-arm64-msvc': 13.2.3
      '@next/swc-win32-ia32-msvc': 13.2.3
      '@next/swc-win32-x64-msvc': 13.2.3
    transitivePeerDependencies:
      - '@babel/core'
      - babel-plugin-macros

  node-releases@2.0.10: {}

  normalize-path@3.0.0: {}

  normalize-range@0.1.2: {}

  object-hash@3.0.0: {}

  path-parse@1.0.7: {}

  picocolors@1.0.0: {}

  picomatch@2.3.1: {}

  pify@2.3.0: {}

  postcss-import@14.1.0(postcss@8.4.21):
    dependencies:
      postcss: 8.4.21
      postcss-value-parser: 4.2.0
      read-cache: 1.0.0
      resolve: 1.22.1

  postcss-js@4.0.1(postcss@8.4.21):
    dependencies:
      camelcase-css: 2.0.1
      postcss: 8.4.21

  postcss-load-config@3.1.4(postcss@8.4.21):
    dependencies:
      lilconfig: 2.1.0
      yaml: 1.10.2
    optionalDependencies:
      postcss: 8.4.21

  postcss-nested@6.0.0(postcss@8.4.21):
    dependencies:
      postcss: 8.4.21
      postcss-selector-parser: 6.0.11

  postcss-selector-parser@6.0.11:
    dependencies:
      cssesc: 3.0.0
      util-deprecate: 1.0.2

  postcss-value-parser@4.2.0: {}

  postcss@8.4.14:
    dependencies:
      nanoid: 3.3.4
      picocolors: 1.0.0
      source-map-js: 1.0.2

  postcss@8.4.21:
    dependencies:
      nanoid: 3.3.4
      picocolors: 1.0.0
      source-map-js: 1.0.2

  queue-microtask@1.2.3: {}

  quick-lru@5.1.1: {}

  react-dom@18.2.0(react@18.2.0):
    dependencies:
      loose-envify: 1.4.0
      react: 18.2.0
      scheduler: 0.23.0

  react@18.2.0:
    dependencies:
      loose-envify: 1.4.0

  read-cache@1.0.0:
    dependencies:
      pify: 2.3.0

  readdirp@3.6.0:
    dependencies:
      picomatch: 2.3.1

  resolve@1.22.1:
    dependencies:
      is-core-module: 2.11.0
      path-parse: 1.0.7
      supports-preserve-symlinks-flag: 1.0.0

  reusify@1.0.4: {}

  run-parallel@1.2.0:
    dependencies:
      queue-microtask: 1.2.3

  scheduler@0.23.0:
    dependencies:
      loose-envify: 1.4.0

  source-map-js@1.0.2: {}

  styled-jsx@5.1.1(react@18.2.0):
    dependencies:
      client-only: 0.0.1
      react: 18.2.0

  supports-preserve-symlinks-flag@1.0.0: {}

  tailwind-merge@2.5.4: {}

  tailwind-scrollbar@2.1.0(tailwindcss@3.2.7(postcss@8.4.21)):
    dependencies:
      tailwindcss: 3.2.7(postcss@8.4.21)

  tailwindcss-animate@1.0.7(tailwindcss@3.2.7(postcss@8.4.21)):
    dependencies:
      tailwindcss: 3.2.7(postcss@8.4.21)

  tailwindcss@3.2.7(postcss@8.4.21):
    dependencies:
      arg: 5.0.2
      chokidar: 3.5.3
      color-name: 1.1.4
      detective: 5.2.1
      didyoumean: 1.2.2
      dlv: 1.1.3
      fast-glob: 3.2.12
      glob-parent: 6.0.2
      is-glob: 4.0.3
      lilconfig: 2.1.0
      micromatch: 4.0.5
      normalize-path: 3.0.0
      object-hash: 3.0.0
      picocolors: 1.0.0
      postcss: 8.4.21
      postcss-import: 14.1.0(postcss@8.4.21)
      postcss-js: 4.0.1(postcss@8.4.21)
      postcss-load-config: 3.1.4(postcss@8.4.21)
      postcss-nested: 6.0.0(postcss@8.4.21)
      postcss-selector-parser: 6.0.11
      postcss-value-parser: 4.2.0
      quick-lru: 5.1.1
      resolve: 1.22.1
    transitivePeerDependencies:
      - ts-node

  to-regex-range@5.0.1:
    dependencies:
      is-number: 7.0.0

  tslib@2.5.0: {}

  typescript@4.9.5: {}

  update-browserslist-db@1.0.10(browserslist@4.21.5):
    dependencies:
      browserslist: 4.21.5
      escalade: 3.1.1
      picocolors: 1.0.0

  util-deprecate@1.0.2: {}

  xtend@4.0.2: {}

  yaml@1.10.2: {}
